
Microsoft Visual Studio Solution File, Format Version 12.00
# Visual Studio Version 16
VisualStudioVersion = 16.0.30621.155
MinimumVisualStudioVersion = 10.0.40219.1
Project("{FAE04EC0-301F-11D3-BF4B-00C04F79EFBC}") = "Rating", "Rating\Rating.csproj", "{298B16DA-4BFF-47AE-AFD4-EB0DBFB1A153}"
EndProject
Global
	GlobalSection(SolutionConfigurationPlatforms) = preSolution
		Debug|Any CPU = Debug|Any CPU
		Release|Any CPU = Release|Any CPU
	EndGlobalSection
	GlobalSection(ProjectConfigurationPlatforms) = postSolution
		{298B16DA-4BFF-47AE-AFD4-EB0DBFB1A153}.Debug|Any CPU.ActiveCfg = Debug|Any CPU
		{298B16DA-4BFF-47AE-AFD4-EB0DBFB1A153}.Debug|Any CPU.Build.0 = Debug|Any CPU
		{298B16DA-4BFF-47AE-AFD4-EB0DBFB1A153}.Release|Any CPU.ActiveCfg = Release|Any CPU
		{298B16DA-4BFF-47AE-AFD4-EB0DBFB1A153}.Release|Any CPU.Build.0 = Release|Any CPU
	EndGlobalSection
	GlobalSection(SolutionProperties) = preSolution
		HideSolutionNode = FALSE
	EndGlobalSection
	GlobalSection(ExtensibilityGlobals) = postSolution
		SolutionGuid = {C6EEEDBA-4299-4830-B687-FB078C692951}
	EndGlobalSection
EndGlobal
